
Microsoft Visual Studio Solution File, Format Version 12.00
# Visual Studio Version 17
VisualStudioVersion = 17.14.37502.11 d17.14
MinimumVisualStudioVersion = 10.0.40219.1
Project("{FAE04EC0-301F-11D3-BF4B-00C04F79EFBC}") = "YoshisIsland_BizHawkTool", "YoshisIsland_BizHawkTool\YoshisIsland_BizHawkTool.csproj", "{63090EAE-419A-4C94-9447-150EFE7FD04B}"
EndProject
Global
	GlobalSection(SolutionConfigurationPlatforms) = preSolution
		Debug 2.10|Any CPU = Debug 2.10|Any CPU
		Debug 2.11|Any CPU = Debug 2.11|Any CPU
		Debug 2.11.1|Any CPU = Debug 2.11.1|Any CPU
		Release 2.10|Any CPU = Release 2.10|Any CPU
		Release 2.11|Any CPU = Release 2.11|Any CPU
		Release 2.11.1|Any CPU = Release 2.11.1|Any CPU
	EndGlobalSection
	GlobalSection(ProjectConfigurationPlatforms) = postSolution
		{63090EAE-419A-4C94-9447-150EFE7FD04B}.Debug 2.10|Any CPU.ActiveCfg = Debug 2.10|Any CPU
		{63090EAE-419A-4C94-9447-150EFE7FD04B}.Debug 2.10|Any CPU.Build.0 = Debug 2.10|Any CPU
		{63090EAE-419A-4C94-9447-150EFE7FD04B}.Debug 2.11|Any CPU.ActiveCfg = Debug 2.11|Any CPU
		{63090EAE-419A-4C94-9447-150EFE7FD04B}.Debug 2.11|Any CPU.Build.0 = Debug 2.11|Any CPU
		{63090EAE-419A-4C94-9447-150EFE7FD04B}.Debug 2.11.1|Any CPU.ActiveCfg = Debug 2.11.1|Any CPU
		{63090EAE-419A-4C94-9447-150EFE7FD04B}.Debug 2.11.1|Any CPU.Build.0 = Debug 2.11.1|Any CPU
		{63090EAE-419A-4C94-9447-150EFE7FD04B}.Release 2.10|Any CPU.ActiveCfg = Release 2.10|Any CPU
		{63090EAE-419A-4C94-9447-150EFE7FD04B}.Release 2.10|Any CPU.Build.0 = Release 2.10|Any CPU
		{63090EAE-419A-4C94-9447-150EFE7FD04B}.Release 2.11|Any CPU.ActiveCfg = Release 2.11|Any CPU
		{63090EAE-419A-4C94-9447-150EFE7FD04B}.Release 2.11|Any CPU.Build.0 = Release 2.11|Any CPU
		{63090EAE-419A-4C94-9447-150EFE7FD04B}.Release 2.11.1|Any CPU.ActiveCfg = Release 2.11.1|Any CPU
		{63090EAE-419A-4C94-9447-150EFE7FD04B}.Release 2.11.1|Any CPU.Build.0 = Release 2.11.1|Any CPU
	EndGlobalSection
	GlobalSection(SolutionProperties) = preSolution
		HideSolutionNode = FALSE
	EndGlobalSection
	GlobalSection(ExtensibilityGlobals) = postSolution
		SolutionGuid = {99C863A1-1EBB-4BD2-BBE6-7DB43FA8A959}
	EndGlobalSection
EndGlobal
